{
  "name": "restaurant-finder-frontend",
  "version": "1.0.0",
  "lockfileVersion": 3,
  "requires": true,
  "packages": {
    "": {
      "name": "restaurant-finder-frontend",
      "version": "1.0.0",
      "dependencies": {
        "@headlessui/vue": "^1.7.16",
        "@heroicons/vue": "^2.0.18",
        "@nuxtjs/google-fonts": "^3.0.2",
        "@nuxtjs/tailwindcss": "^6.8.4",
        "@pinia/nuxt": "^0.5.1",
        "@vueuse/core": "^10.5.0",
        "@vueuse/nuxt": "^10.5.0",
        "bootstrap": "^5.3.2",
        "pinia": "^2.1.7",
        "sass": "^1.69.5",
        "tailwindcss": "^3.3.5"
      },
      "devDependencies": {
        "@nuxt/devtools": "latest",
        "nuxt": "^3.8.0",
        "vue": "^3.3.0",
        "vue-router": "^4.2.0"
      }
    }
  }
} 