{
    "_readme": [
        "This file locks the dependencies of your project to a known state",
        "This file will be regenerated when you run composer install"
    ],
    "content-hash": "placeholder",
    "packages": [],
    "packages-dev": [],
    "aliases": [],
    "minimum-stability": "stable",
    "stability-flags": [],
    "prefer-stable": true,
    "prefer-lowest": false,
    "platform": [],
    "platform-dev": [],
    "plugin-api-version": "2.0.0"
} 